
Microsoft Visual Studio Solution File, Format Version 12.00
# Visual Studio 15
VisualStudioVersion = 15.0.27130.2027
MinimumVisualStudioVersion = 10.0.40219.1
Project("{9A19103F-16F7-4668-BE54-9A1E7A4F7556}") = "Data.Performance.AspNetCore2.WebAPI", "Data.Performance.AspNetCore2.WebAPI\Data.Performance.AspNetCore2.WebAPI.csproj", "{66041D79-9B51-4144-9D4A-C4AA08A171DE}"
EndProject
Project("{FAE04EC0-301F-11D3-BF4B-00C04F79EFBC}") = "Data.Performance.AspNet461.WebAPI", "Data.Performance.AspNet461.WebAPI\Data.Performance.AspNet461.WebAPI.csproj", "{50390EEE-5AA2-4870-A752-C4D0104EF453}"
EndProject
Project("{9A19103F-16F7-4668-BE54-9A1E7A4F7556}") = "Data.Performance.AspNetCore11.WebAPI", "Data.Performance.AspNetCore11.WebAPI\Data.Performance.AspNetCore11.WebAPI.csproj", "{C4836686-6CBE-40CD-ADAA-6B4CACD7564F}"
EndProject
Project("{151D2E53-A2C4-4D7D-83FE-D05416EBD58E}") = "Data.Performance.Deploy", "Data.Performance.Deploy\Data.Performance.Deploy.deployproj", "{7B86C5BA-77F6-44A0-9D78-66872DDD5234}"
EndProject
Project("{2150E333-8FDC-42A3-9474-1A3956D46DE8}") = "BaseTests", "BaseTests", "{430F773B-F7A4-4A8D-8909-5B9BA6232B17}"
EndProject
Project("{9A19103F-16F7-4668-BE54-9A1E7A4F7556}") = "Data.Performance.AspNetCore461.WebAPI", "Data.Performance.AspNetCore461.WebAPI\Data.Performance.AspNetCore461.WebAPI.csproj", "{81F5265D-9FA2-448C-9632-7D1BE95DB5A1}"
EndProject
Project("{9A19103F-16F7-4668-BE54-9A1E7A4F7556}") = "Data.Performance.AspNetCore461.2015", "Data.Performance.AspNetCore461.2015\Data.Performance.AspNetCore461.2015.csproj", "{F57CDEF7-0818-4425-AF6C-D5E6221DCA97}"
EndProject
Global
	GlobalSection(SolutionConfigurationPlatforms) = preSolution
		Debug|Any CPU = Debug|Any CPU
		Release|Any CPU = Release|Any CPU
	EndGlobalSection
	GlobalSection(ProjectConfigurationPlatforms) = postSolution
		{66041D79-9B51-4144-9D4A-C4AA08A171DE}.Debug|Any CPU.ActiveCfg = Debug|Any CPU
		{66041D79-9B51-4144-9D4A-C4AA08A171DE}.Debug|Any CPU.Build.0 = Debug|Any CPU
		{66041D79-9B51-4144-9D4A-C4AA08A171DE}.Release|Any CPU.ActiveCfg = Release|Any CPU
		{66041D79-9B51-4144-9D4A-C4AA08A171DE}.Release|Any CPU.Build.0 = Release|Any CPU
		{50390EEE-5AA2-4870-A752-C4D0104EF453}.Debug|Any CPU.ActiveCfg = Debug|Any CPU
		{50390EEE-5AA2-4870-A752-C4D0104EF453}.Debug|Any CPU.Build.0 = Debug|Any CPU
		{50390EEE-5AA2-4870-A752-C4D0104EF453}.Release|Any CPU.ActiveCfg = Release|Any CPU
		{50390EEE-5AA2-4870-A752-C4D0104EF453}.Release|Any CPU.Build.0 = Release|Any CPU
		{C4836686-6CBE-40CD-ADAA-6B4CACD7564F}.Debug|Any CPU.ActiveCfg = Debug|Any CPU
		{C4836686-6CBE-40CD-ADAA-6B4CACD7564F}.Debug|Any CPU.Build.0 = Debug|Any CPU
		{C4836686-6CBE-40CD-ADAA-6B4CACD7564F}.Release|Any CPU.ActiveCfg = Release|Any CPU
		{C4836686-6CBE-40CD-ADAA-6B4CACD7564F}.Release|Any CPU.Build.0 = Release|Any CPU
		{7B86C5BA-77F6-44A0-9D78-66872DDD5234}.Debug|Any CPU.ActiveCfg = Debug|Any CPU
		{7B86C5BA-77F6-44A0-9D78-66872DDD5234}.Debug|Any CPU.Build.0 = Debug|Any CPU
		{7B86C5BA-77F6-44A0-9D78-66872DDD5234}.Release|Any CPU.ActiveCfg = Release|Any CPU
		{7B86C5BA-77F6-44A0-9D78-66872DDD5234}.Release|Any CPU.Build.0 = Release|Any CPU
		{81F5265D-9FA2-448C-9632-7D1BE95DB5A1}.Debug|Any CPU.ActiveCfg = Debug|Any CPU
		{81F5265D-9FA2-448C-9632-7D1BE95DB5A1}.Debug|Any CPU.Build.0 = Debug|Any CPU
		{81F5265D-9FA2-448C-9632-7D1BE95DB5A1}.Release|Any CPU.ActiveCfg = Release|Any CPU
		{81F5265D-9FA2-448C-9632-7D1BE95DB5A1}.Release|Any CPU.Build.0 = Release|Any CPU
		{F57CDEF7-0818-4425-AF6C-D5E6221DCA97}.Debug|Any CPU.ActiveCfg = Debug|Any CPU
		{F57CDEF7-0818-4425-AF6C-D5E6221DCA97}.Debug|Any CPU.Build.0 = Debug|Any CPU
		{F57CDEF7-0818-4425-AF6C-D5E6221DCA97}.Release|Any CPU.ActiveCfg = Release|Any CPU
		{F57CDEF7-0818-4425-AF6C-D5E6221DCA97}.Release|Any CPU.Build.0 = Release|Any CPU
	EndGlobalSection
	GlobalSection(SolutionProperties) = preSolution
		HideSolutionNode = FALSE
	EndGlobalSection
	GlobalSection(NestedProjects) = preSolution
		{66041D79-9B51-4144-9D4A-C4AA08A171DE} = {430F773B-F7A4-4A8D-8909-5B9BA6232B17}
		{C4836686-6CBE-40CD-ADAA-6B4CACD7564F} = {430F773B-F7A4-4A8D-8909-5B9BA6232B17}
		{81F5265D-9FA2-448C-9632-7D1BE95DB5A1} = {430F773B-F7A4-4A8D-8909-5B9BA6232B17}
		{F57CDEF7-0818-4425-AF6C-D5E6221DCA97} = {430F773B-F7A4-4A8D-8909-5B9BA6232B17}
	EndGlobalSection
	GlobalSection(ExtensibilityGlobals) = postSolution
		SolutionGuid = {60924E55-32AD-486A-A604-8BE4EB2B9C42}
	EndGlobalSection
EndGlobal
